
Microsoft Visual Studio Solution File, Format Version 12.00
# Visual Studio 15
VisualStudioVersion = 15.0.27703.2047
MinimumVisualStudioVersion = 10.0.40219.1
Project("{8BC9CEB8-8B4A-11D0-8D11-00A0C91BC942}") = "Monte_Carlo_Integration", "Monte_Carlo_Integration\Monte_Carlo_Integration.vcxproj", "{4836970A-01FF-43C3-9F0E-3A7CBE337EE7}"
EndProject
Global
	GlobalSection(SolutionConfigurationPlatforms) = preSolution
		Debug|x64 = Debug|x64
		Debug|x86 = Debug|x86
		Release|x64 = Release|x64
		Release|x86 = Release|x86
	EndGlobalSection
	GlobalSection(ProjectConfigurationPlatforms) = postSolution
		{4836970A-01FF-43C3-9F0E-3A7CBE337EE7}.Debug|x64.ActiveCfg = Debug|x64
		{4836970A-01FF-43C3-9F0E-3A7CBE337EE7}.Debug|x64.Build.0 = Debug|x64
		{4836970A-01FF-43C3-9F0E-3A7CBE337EE7}.Debug|x86.ActiveCfg = Debug|Win32
		{4836970A-01FF-43C3-9F0E-3A7CBE337EE7}.Debug|x86.Build.0 = Debug|Win32
		{4836970A-01FF-43C3-9F0E-3A7CBE337EE7}.Release|x64.ActiveCfg = Release|x64
		{4836970A-01FF-43C3-9F0E-3A7CBE337EE7}.Release|x64.Build.0 = Release|x64
		{4836970A-01FF-43C3-9F0E-3A7CBE337EE7}.Release|x86.ActiveCfg = Release|Win32
		{4836970A-01FF-43C3-9F0E-3A7CBE337EE7}.Release|x86.Build.0 = Release|Win32
	EndGlobalSection
	GlobalSection(SolutionProperties) = preSolution
		HideSolutionNode = FALSE
	EndGlobalSection
	GlobalSection(ExtensibilityGlobals) = postSolution
		SolutionGuid = {C378014D-0218-458B-9989-1F2F9BCCD046}
	EndGlobalSection
EndGlobal
